// !$*UTF8*$!
{
	archiveVersion = 1;
	classes = {
	};
	objectVersion = 46;
	objects = {

/* Begin PBXFileReference section */
		E1E145F91D49C8C800842D6B /* Adafruit_MCP23008_RF.cpp */ = {isa = PBXFileReference; lastKnownFileType = sourcecode.cpp.cpp; path = Adafruit_MCP23008_RF.cpp; sourceTree = "<group>"; };
		E1E145FA1D49C8C800842D6B /* Adafruit_MCP23008_RF.h */ = {isa = PBXFileReference; lastKnownFileType = sourcecode.c.h; path = Adafruit_MCP23008_RF.h; sourceTree = "<group>"; };
/* End PBXFileReference section */

/* Begin PBXGroup section */
		E1E145F21D49C89B00842D6B = {
			isa = PBXGroup;
			children = (
				E1E145F91D49C8C800842D6B /* Adafruit_MCP23008_RF.cpp */,
				E1E145FA1D49C8C800842D6B /* Adafruit_MCP23008_RF.h */,
			);
			sourceTree = "<group>";
		};
/* End PBXGroup section */

/* Begin PBXProject section */
		E1E145F31D49C89B00842D6B /* Project object */ = {
			isa = PBXProject;
			attributes = {
				LastUpgradeCheck = 0730;
			};
			buildConfigurationList = E1E145F61D49C89B00842D6B /* Build configuration list for PBXProject "Adafruit_MCP23008_RF" */;
			compatibilityVersion = "Xcode 3.2";
			developmentRegion = English;
			hasScannedForEncodings = 0;
			knownRegions = (
				en,
			);
			mainGroup = E1E145F21D49C89B00842D6B;
			projectDirPath = "";
			projectRoot = "";
			targets = (
			);
		};
/* End PBXProject section */

/* Begin XCBuildConfiguration section */
		E1E145F71D49C89B00842D6B /* Debug */ = {
			isa = XCBuildConfiguration;
			buildSettings = {
			};
			name = Debug;
		};
		E1E145F81D49C89B00842D6B /* Release */ = {
			isa = XCBuildConfiguration;
			buildSettings = {
			};
			name = Release;
		};
/* End XCBuildConfiguration section */

/* Begin XCConfigurationList section */
		E1E145F61D49C89B00842D6B /* Build configuration list for PBXProject "Adafruit_MCP23008_RF" */ = {
			isa = XCConfigurationList;
			buildConfigurations = (
				E1E145F71D49C89B00842D6B /* Debug */,
				E1E145F81D49C89B00842D6B /* Release */,
			);
			defaultConfigurationIsVisible = 0;
			defaultConfigurationName = Release;
		};
/* End XCConfigurationList section */
	};
	rootObject = E1E145F31D49C89B00842D6B /* Project object */;
}
